lockfileVersion: '9.0'

settings:
  autoInstallPeers: true
  excludeLinksFromLockfile: false

importers:

  .:
    dependencies:
      '@claude-flow/cli-core':
        specifier: ^3.7.0-alpha.5
        version: 3.7.0-alpha.5
      '@claude-flow/mcp':
        specifier: ^3.0.0-alpha.9
        version: 3.0.0-alpha.9(@anthropic-ai/sdk@0.52.0)(ajv@8.17.1)(debug@4.4.0)