lockfileVersion: '9.0'

settings:
  autoInstallPeers: true
  excludeLinksFromLockfile: false

importers:

  .:
    dependencies:
      '@claude-flow/cli-core':
        specifier: ^3.7.0-alpha.5
        version: 3.7.0-alpha.5
      '@claude-flow/codex':
        specifier: ^3.7.0-alpha.5
        version: 3.7.0-alpha.5
      '@claude-flow/hooks':
        specifier: ^3.7.0-alpha.5
        version: 3.7.0-alpha.5
      '@claude-flow/memory':
        specifier: ^3.7.0-alpha.5
        version: 3.7.0-alpha.5
      '@claude-flow/security':
        specifier: ^3.7.0-alpha.5
        version: 3.7.0-alpha.5
