lockfileVersion: '9.0'

settings:
  autoInstallPeers: true
  excludeLinksFromLockfile: false

importers:

  .:
    dependencies:
      '@claude-flow/cli-core':
        specifier: ^3.7.0-alpha.5
        version: 3.7.0-alpha.5
      '@claude-flow/mcp':
        specifier: ^3.0.0-alpha.9
        version: 3.0.0-alpha.9
      '@claude-flow/neural':
        specifier: ^3.0.0-alpha.9
        version: 3.0.0-alpha.9(@types/node@25.9.3)(zod@4.4.3)
      '@claude-flow/shared':
        specifier: ^3.0.0-alpha.9
        version: 3.0.0-alpha.9(@types/node@25.9.3)(zod@4.4.3)