lockfileVersion: '6.0'

settings:
  autoInstallPeers: true
  excludeLinksFromLockfile: false

neverBuiltDependencies:
  - sharp

overrides:
  '@ruvector/gnn': 0.1.25
  '@ruvector/gnn-linux-x64-gnu': 0.1.25

importers:

  .:
    dependencies:
      semantic-release:
        specifier: 25.0.2
        version: 25.0.2(typescript@5.9.3)
    devDependencies:
      '@types/node':
        specifier: ^20.0.0
        version: 20.19.27
      '@vitest/coverage-v8':
        specifier: ^4.0.16
        version: 4.0.16(vitest@4.0.16)
      typescript:
        specifier: ^5.9.3
        version: 5.9.3
      vitest:
        specifier: ^4.0.16
        version: 4.0.16(@opentelemetry/api@1.9.0)(@types/node@20.19.27)

  '@claude-flow/aidefence':
    dependencies:
      agentdb:
        specifier: '>=2.0.0-alpha.1'
        version: 2.0.0-alpha.3.4(@types/node@20.19.27)(express@4.22.1)(hono@4.12.11)(marked@11.2.0)
    devDependencies:
      '@types/node':
        specifier: ^20.10.0
        version: 20.19.27
      typescript:
        specifier: ^5.3.3
        version: 5.9.3
      vitest:
        specifier: ^4.0.16
        version: 4.0.16(@opentelemetry/api@1.9.0)(@types/node@20.19.27)

  '@claude-flow/browser':
    dependencies:
      '@claude-flow/cli':
        specifier: '>=3.5.0'
        version: 3.6.30(@types/node@20.19.27)(zod@3.25.76)
      agent-browser:
        specifier: ^0.27.0
        version: 0.27.0
      agentic-flow:
        specifier: ^2.0.13
        version: 2.0.13(@types/node@20.19.27)
      zod:
        specifier: ^3.22.4
        version: 3.25.76
    devDependencies:
      '@types/node':
        specifier: ^20.10.0
        version: 20.19.27
      typescript:
        specifier: ^5.3.0
        version: 5.9.3
      vitest:
        specifier: ^4.0.16
        version: 4.0.16(@opentelemetry/api@1.9.1)(@types/node@20.19.27)

  '@claude-flow/claims':
    dependencies:
      '@claude-flow/shared':
        specifier: ^3.0.0-alpha.1
        version: link:../shared
      zod:
        specifier: ^3.22.4
        version: 3.25.76
    devDependencies:
      '@types/node':
        specifier: ^20.10.0
        version: 20.19.27
      rimraf:
        specifier: ^5.0.5
        version: 5.0.10
      tsup:
        specifier: ^8.0.1
        version: 8.5.1(typescript@5.9.3)
      typescript:
        specifier: ^5.3.0
        version: 5.9.3
      vitest:
        specifier: ^4.0.16
        version: 4.0.16(@opentelemetry/api@1.9.0)(@types/node@20.19.27)

  '@claude-flow/cli':
    dependencies:
      '@claude-flow/cli-core':
        specifier: ^3.7.0-alpha.5
        version: link:../cli-core
      '@claude-flow/mcp':
        specifier: ^3.0.0-alpha.9
        version: link:../mcp
      '@claude-flow/neural':
        specifier: ^3.0.0-alpha.9
        version: link:../neural
      '@claude-flow/shared':
        specifier: ^3.0.0-alpha.8
        version: link:../shared
      '@noble/ed25519':
        specifier: ^2.1.0
        version: 2.3.0
      '@ruvector/rabitq-wasm':
        specifier: ^0.1.0
        version: 0.1.0
      semver:
        specifier: ^7.8.1
        version: 7.7.3
      yaml:
        specifier: ^2.8.0
        version: 2.8.2
    optionalDependencies:
      '@claude-flow/aidefence':
        specifier: ^3.0.2
        version: link:../aidefence
      '@claude-flow/codex':
        specifier: ^3.0.0-alpha.12
        version: link:../codex
      '@claude-flow/embeddings':
        specifier: ^3.0.0-alpha.18
        version: 3.0.0-alpha.45(@claude-flow/shared@@claude-flow+shared)(@ruvector/attention@0.1.32)(@ruvector/diskann@0.1.0)(@ruvector/rabitq-wasm@0.1.0)(agentic-flow@3.0.0-alpha.2)
      '@claude-flow/guidance':
        specifier: ^3.0.0-alpha.1
        version: link:../guidance
      '@claude-flow/memory':
        specifier: ^3.0.0-alpha.17
        version: link:../memory
      '@claude-flow/plugin-gastown-bridge':
        specifier: ^0.1.4
        version: 0.1.3(@claude-flow/memory@@claude-flow+memory)
      '@claude-flow/security':
        specifier: ^3.0.0-alpha.8
        version: link:../security
      '@ruvector/attention':
        specifier: ^0.1.32
        version: 0.1.32
      '@ruvector/attention-darwin-arm64':
        specifier: 0.1.32
        version: 0.1.32
      '@ruvector/diskann':
        specifier: ^0.1.0
        version: 0.1.0
      '@ruvector/learning-wasm':
        specifier: ^0.1.29
        version: 0.1.29
      '@ruvector/router':
        specifier: ^0.1.30
        version: 0.1.30
      '@ruvector/ruvllm-wasm':
        specifier: ^2.0.2
        version: 2.0.2
      '@ruvector/rvagent-wasm':
        specifier: ^0.1.0
        version: 0.1.0
      '@ruvector/sona':
        specifier: ^0.1.6
        version: 0.1.6
      agentdb:
        specifier: ^3.0.0-alpha.14
        version: 3.0.0-alpha.14(@types/node@20.19.27)(zod@3.25.76)
      agentic-flow:
        specifier: ^3.0.0-alpha.1
        version: 3.0.0-alpha.2
    devDependencies:
      typescript:
        specifier: ^5.3.0
        version: 5.9.3
      vitest:
        specifier: ^4.0.16
        version: 4.0.16(@opentelemetry/api@1.9.1)(@types/node@20.19.27)(yaml@2.8.2)

  '@claude-flow/cli-core': {}

  '@claude-flow/codex':
    dependencies:
      '@claude-flow/cli':
        specifier: ^3.0.0-alpha.1
        version: 3.6.30(@types/node@20.19.27)(zod@3.25.76)
      '@iarna/toml':
        specifier: ^2.2.5
        version: 2.2.5
      chalk:
        specifier: ^5.3.0
        version: 5.6.2
      commander:
        specifier: ^12.0.0
        version: 12.1.0
      fs-extra:
        specifier: ^11.2.0
        version: 11.3.3
      inquirer:
        specifier: ^9.2.0
        version: 9.3.8(@types/node@20.19.27)
      toml:
        specifier: ^3.0.0
        version: 3.0.0
      yaml:
        specifier: ^2.4.0
        version: 2.8.2
    devDependencies:
      '@types/fs-extra':
        specifier: ^11.0.4
        version: 11.0.4
      '@types/node':
        specifier: ^20.0.0
        version: 20.19.27
      eslint:
        specifier: ^8.57.0
        version: 8.57.1
      typescript:
        specifier: ^5.4.0
        version: 5.9.3
      vitest:
        specifier: ^4.0.16
        version: 4.0.16(@opentelemetry/api@1.9.1)(@types/node@20.19.27)(yaml@2.8.2)

  '@claude-flow/deployment':
    dependencies:
      '@claude-flow/shared':
        specifier: ^3.0.0-alpha.1
        version: link:../shared
    devDependencies:
      semantic-release:
        specifier: ^25.0.2
        version: 25.0.2(typescript@5.9.3)
      vitest:
        specifier: ^4.0.16
        version: 4.0.16(@opentelemetry/api@1.9.0)(@types/node@20.19.27)

  '@claude-flow/embeddings':
    dependencies:
      '@claude-flow/shared':
        specifier: ^3.0.0-alpha.1
        version: link:../shared
      '@huggingface/transformers':
        specifier: ^4.0.0
        version: 4.2.0
      '@xenova/transformers':
        specifier: ^2.17.0
        version: 2.17.2
      agentic-flow:
        specifier: ^2.0.0
        version: 2.0.3(@types/node@20.19.27)(marked@11.2.0)
      sql.js:
        specifier: ^1.13.0
        version: 1.13.0
    devDependencies:
      '@types/node':
        specifier: ^20.10.0
        version: 20.19.27
      typescript:
        specifier: ^5.3.0
        version: 5.9.3
      vitest:
        specifier: ^4.0.16
        version: 4.0.16(@opentelemetry/api@1.9.1)(@types/node@20.19.27)

  '@claude-flow/guidance':
    dependencies:
      '@claude-flow/hooks':
        specifier: ^3.0.0-alpha.7
        version: link:../hooks
      '@claude-flow/memory':
        specifier: ^3.0.0-alpha.2
        version: link:../memory
      '@claude-flow/shared':
        specifier: ^3.0.0-alpha.1
        version: link:../shared
    devDependencies:
      '@types/node':
        specifier: ^20.10.0
        version: 20.19.27
      typescript:
        specifier: ^5.3.0
        version: 5.9.3
      vitest:
        specifier: ^4.0.16
        version: 4.0.16(@opentelemetry/api@1.9.0)(@types/node@20.19.27)

  '@claude-flow/hooks':
    dependencies:
      '@claude-flow/memory':
        specifier: ^3.0.0-alpha.2
        version: link:../memory
      '@claude-flow/neural':
        specifier: ^3.0.0-alpha.2
        version: link:../neural
      '@claude-flow/shared':
        specifier: ^3.0.0-alpha.1
        version: link:../shared
      zod:
        specifier: ^3.23.0
        version: 3.25.76
    optionalDependencies:
      better-sqlite3:
        specifier: ^11.0.0
        version: 11.10.0
    devDependencies:
      '@types/better-sqlite3':
        specifier: ^7.6.11
        version: 7.6.13
      '@types/node':
        specifier: ^20.10.0
        version: 20.19.27
      typescript:
        specifier: ^5.3.0
        version: 5.9.3
      vitest:
        specifier: ^4.0.16
        version: 4.0.16(@opentelemetry/api@1.9.0)(@types/node@20.19.27)

  '@claude-flow/integration':
    dependencies:
      agentic-flow:
        specifier: ^2.0.0-alpha
        version: 2.0.0-alpha(@types/node@20.19.27)(marked@11.2.0)(typescript@5.9.3)
    optionalDependencies:
      agent-booster:
        specifier: ^0.2.2
        version: 0.2.2
    devDependencies:
      vitest:
        specifier: ^4.0.16
        version: 4.0.16(@opentelemetry/api@1.9.1)(@types/node@20.19.27)

  '@claude-flow/mcp':
    dependencies:
      ajv:
        specifier: ^8.12.0
        version: 8.17.1
      cors:
        specifier: ^2.8.5
        version: 2.8.5
      express:
        specifier: ^4.18.2
        version: 4.22.1
      helmet:
        specifier: ^7.1.0
        version: 7.2.0
      ws:
        specifier: ^8.14.2
        version: 8.18.3
    devDependencies:
      '@types/cors':
        specifier: ^2.8.17
        version: 2.8.19
      '@types/express':
        specifier: ^4.17.21
        version: 4.17.25
      '@types/ws':
        specifier: ^8.5.10
        version: 8.18.1
      vitest:
        specifier: ^4.0.16
        version: 4.0.16(@opentelemetry/api@1.9.0)(@types/node@20.19.27)

  '@claude-flow/memory':
    dependencies:
      agentdb:
        specifier: ^3.0.0-alpha.14
        version: 3.0.0-alpha.14(@types/node@20.19.27)(zod@3.25.76)
      sql.js:
        specifier: ^1.10.3
        version: 1.13.0
    optionalDependencies:
      better-sqlite3:
        specifier: ^12.9.0
        version: 12.9.0
    devDependencies:
      '@types/better-sqlite3':
        specifier: ^7.6.11
        version: 7.6.13
      '@types/sql.js':
        specifier: ^1.4.9
        version: 1.4.9
      vitest:
        specifier: ^4.0.16
        version: 4.0.16(@opentelemetry/api@1.9.1)(@types/node@20.19.27)

  '@claude-flow/neural':
    dependencies:
      '@claude-flow/memory':
        specifier: ^3.0.0-alpha.16
        version: link:../memory
      '@ruvector/sona':
        specifier: 0.1.5
        version: 0.1.5
    optionalDependencies:
      agentdb:
        specifier: ^2.0.0 || ^3.0.0-alpha.1
        version: 3.0.0-alpha.14(@types/node@20.19.27)(zod@3.25.76)

  '@claude-flow/performance':
    dependencies:
      '@ruvector/attention':
        specifier: latest
        version: 0.1.4
      '@ruvector/sona':
        specifier: latest
        version: 0.1.5
    devDependencies:
      vitest:
        specifier: ^4.0.16
        version: 4.0.16(@opentelemetry/api@1.9.0)(@types/node@20.19.27)

  '@claude-flow/plugin-agent-federation':
    dependencies:
      '@noble/ed25519':
        specifier: ^2.0.0
        version: 2.3.0
      midstreamer:
        specifier: '>=0.3.1'
        version: 0.3.1(@types/node@20.19.27)
    devDependencies:
      '@claude-flow/security':
        specifier: workspace:*
        version: link:../security
      '@claude-flow/shared':
        specifier: workspace:*
        version: link:../shared
      agentic-flow:
        specifier: 2.0.12-fix.8
        version: 2.0.12-fix.8(@types/node@20.19.27)
      typescript:
        specifier: ^5.4.0
        version: 5.9.3
      vitest:
        specifier: ^4.0.16
        version: 4.0.16(@opentelemetry/api@1.9.1)(@types/node@20.19.27)

  '@claude-flow/plugin-iot-cognitum':
    dependencies:
      '@cognitum-one/sdk':
        specifier: ^0.2.1
        version: 0.2.1(multicast-dns@7.2.5)
      multicast-dns:
        specifier: ^7.2.5
        version: 7.2.5
    devDependencies:
      '@claude-flow/shared':
        specifier: workspace:*
        version: link:../shared
      typescript:
        specifier: ^5.4.0
        version: 5.9.3
      vitest:
        specifier: ^4.0.16
        version: 4.0.16(@opentelemetry/api@1.9.0)(@types/node@20.19.27)

  '@claude-flow/plugins':
    dependencies:
      '@claude-flow/hooks':
        specifier: ^3.0.0-alpha.2
        version: link:../hooks
      '@claude-flow/memory':
        specifier: ^3.0.0-alpha.2
        version: link:../memory
      '@ruvector/learning-wasm':
        specifier: ^0.1.0
        version: 0.1.29
      '@ruvector/wasm':
        specifier: ^0.1.0
        version: 0.1.16
      events:
        specifier: ^3.3.0
        version: 3.3.0
    devDependencies:
      '@types/node':
        specifier: ^20.10.0
        version: 20.19.27
      typescript:
        specifier: ^5.3.0
        version: 5.9.3
      vitest:
        specifier: ^4.0.16
        version: 4.0.16(@opentelemetry/api@1.9.0)(@types/node@20.19.27)

  '@claude-flow/providers':
    dependencies:
      '@ruvector/ruvllm':
        specifier: ^0.2.3
        version: 0.2.4
      events:
        specifier: ^3.3.0
        version: 3.3.0
    devDependencies:
      '@types/node':
        specifier: ^20.0.0
        version: 20.19.27
      dotenv:
        specifier: ^16.4.5
        version: 16.6.1
      tsx:
        specifier: ^4.19.0
        version: 4.21.0
      typescript:
        specifier: ^5.5.0
        version: 5.9.3
      vitest:
        specifier: ^4.0.16
        version: 4.0.16(@types/node@20.19.27)(tsx@4.21.0)

  '@claude-flow/security':
    dependencies:
      bcryptjs:
        specifier: ^3.0.3
        version: 3.0.3
      zod:
        specifier: ^3.22.0
        version: 3.25.76
    devDependencies:
      vitest:
        specifier: ^4.0.16
        version: 4.0.16(@opentelemetry/api@1.9.0)(@types/node@20.19.27)

  '@claude-flow/shared':
    dependencies:
      sql.js:
        specifier: ^1.10.3
        version: 1.13.0
    devDependencies:
      '@types/cors':
        specifier: ^2.8.17
        version: 2.8.19
      '@types/express':
        specifier: ^4.17.21
        version: 4.17.25
      '@types/node':
        specifier: ^20.0.0
        version: 20.19.27
      '@types/sql.js':
        specifier: ^1.4.9
        version: 1.4.9
      '@types/ws':
        specifier: ^8.5.10
        version: 8.18.1
      cors:
        specifier: ^2.8.5
        version: 2.8.5
      express:
        specifier: ^4.21.0
        version: 4.22.1
      helmet:
        specifier: ^7.1.0
        version: 7.2.0
      vitest:
        specifier: ^4.0.16
        version: 4.0.16(@opentelemetry/api@1.9.0)(@types/node@20.19.27)
      ws:
        specifier: ^8.16.0
        version: 8.19.0
      zod:
        specifier: ^3.22.4
        version: 3.25.76

  '@claude-flow/swarm':
    devDependencies:
      vitest:
        specifier: ^4.0.16
        version: 4.0.16(@opentelemetry/api@1.9.0)(@types/node@20.19.27)

  '@claude-flow/testing':
    devDependencies:
      '@claude-flow/memory':
        specifier: ^3.0.0-alpha.2
        version: link:../memory
      '@claude-flow/shared':
        specifier: ^3.0.0-alpha.1
        version: link:../shared
      '@claude-flow/swarm':
        specifier: ^3.0.0-alpha.1
        version: 3.0.0-alpha.8
      typescript:
        specifier: ^5.3.0
        version: 5.9.3
      vitest:
        specifier: ^4.0.16
        version: 4.0.16(@opentelemetry/api@1.9.0)(@types/node@20.19.27)

packages:

  /@actions/core@2.0.1:
    resolution: {integrity: sha512-oBfqT3GwkvLlo1fjvhQLQxuwZCGTarTE5OuZ2Wg10hvhBj7LRIlF611WT4aZS6fDhO5ZKlY7lCAZTlpmyaHaeg==}
    dependencies:
      '@actions/exec': 2.0.0
      '@actions/http-client': 3.0.0

  /@actions/exec@2.0.0:
    resolution: {integrity: sha512-k8ngrX2voJ/RIN6r9xB82NVqKpnMRtxDoiO+g3olkIUpQNqjArXrCQceduQZCQj3P3xm32pChRLqRrtXTlqhIw==}
    dependencies:
      '@actions/io': 2.0.0

  /@actions/http-client@3.0.0:
    resolution: {integrity: sha512-1s3tXAfVMSz9a4ZEBkXXRQD4QhY3+GAsWSbaYpeknPOKEeyRiU3lH+bHiLMZdo2x/fIeQ/hscL1wCkDLVM2DZQ==}
    dependencies:
      tunnel: 0.0.6
      undici: 5.29.0

  /@actions/io@2.0.0:
    resolution: {integrity: sha512-Jv33IN09XLO+0HS79aaODsvIRyduiF7NY/F6LYeK5oeUmrsz7aFdRphQjFoESF4jS7lMauDOttKALcpapVDIAg==}