lockfileVersion: '6.0'

settings:
  autoInstallPeers: true
  excludeLinksFromLockfile: false

neverBuiltDependencies:
  - sharp

overrides:
  '@ruvector/gnn': 0.1.25
  '@ruvector/gnn-linux-x64-gnu': 0.1.25

importers:

  .:
    dependencies:
      semantic-release:
        specifier: 25.0.2
        version: 25.0.2(typescript@5.9.3)
    devDependencies:
      '@types/node':
        specifier: ^20.0.0
        version: 20.19.27
      '@vitest/coverage-v8':
        specifier: ^4.0.16
        version: 4.0.16(vitest@4.0.16)
      typescript:
        specifier: ^5.9.3
        version: 5.9.3
      vitest:
        specifier: ^4.0.16
        version: 4.0.16(@opentelemetry/api@1.9.0)(@types/node@20.19.27)

  '@claude-flow/aidefence':
    dependencies:
      agentdb:
        specifier: '>=2.0.0-alpha.1'
        version: 2.0.0-alpha.3.4(@types/node@20.19.27)(express@4.22.1)(hono@4.12.11)(marked@11.2.0)
    devDependencies:
      '@types/node':
        specifier: ^20.10.0
        version: 20.19.27
      typescript:
        specifier: ^5.3.3
        version: 5.9.3
      vitest:
        specifier: ^4.0.16
        version: 4.0.16(@opentelemetry/api@1.9.0)(@types/node@20.19.27)
