lockfileVersion: '6.0'

settings:
  autoInstallPeers: true
  excludeLinksFromLockfile: false

neverBuiltDependencies:
  - better-sqlite3
  - cpu-features
  - ssh2

onlyBuiltDependencies:
  - '@parcel/watcher'
  - '@prisma/engines'
  - '@ruvector/router-linux-x64-gnu'
  - '@swc/core'
  - esbuild
  - fsevents
  - node-gyp-build
  - prisma
  - sharp
  - usearch